
Microsoft Visual Studio Solution File, Format Version 12.00
# Visual Studio Version 16
VisualStudioVersion = 16.0.28809.33
MinimumVisualStudioVersion = 10.0.40219.1
Project("{FAE04EC0-301F-11D3-BF4B-00C04F79EFBC}") = "LearningCSharp", "LearningCSharp\LearningCSharp.csproj", "{DBCA2715-E5EE-4E6D-97EC-40C0DB5E6C8C}"
EndProject
Project("{FAE04EC0-301F-11D3-BF4B-00C04F79EFBC}") = "SystemEnvironment", "SystemEnvironment\SystemEnvironment.csproj", "{657CE338-3F66-470A-B3E3-308277FDBD06}"
EndProject
Global
	GlobalSection(SolutionConfigurationPlatforms) = preSolution
		Debug|Any CPU = Debug|Any CPU
		Release|Any CPU = Release|Any CPU
	EndGlobalSection
	GlobalSection(ProjectConfigurationPlatforms) = postSolution
		{DBCA2715-E5EE-4E6D-97EC-40C0DB5E6C8C}.Debug|Any CPU.ActiveCfg = Debug|Any CPU
		{DBCA2715-E5EE-4E6D-97EC-40C0DB5E6C8C}.Debug|Any CPU.Build.0 = Debug|Any CPU
		{DBCA2715-E5EE-4E6D-97EC-40C0DB5E6C8C}.Release|Any CPU.ActiveCfg = Release|Any CPU
		{DBCA2715-E5EE-4E6D-97EC-40C0DB5E6C8C}.Release|Any CPU.Build.0 = Release|Any CPU
		{657CE338-3F66-470A-B3E3-308277FDBD06}.Debug|Any CPU.ActiveCfg = Debug|Any CPU
		{657CE338-3F66-470A-B3E3-308277FDBD06}.Debug|Any CPU.Build.0 = Debug|Any CPU
		{657CE338-3F66-470A-B3E3-308277FDBD06}.Release|Any CPU.ActiveCfg = Release|Any CPU
		{657CE338-3F66-470A-B3E3-308277FDBD06}.Release|Any CPU.Build.0 = Release|Any CPU
	EndGlobalSection
	GlobalSection(SolutionProperties) = preSolution
		HideSolutionNode = FALSE
	EndGlobalSection
	GlobalSection(ExtensibilityGlobals) = postSolution
		SolutionGuid = {12A87AFA-A55A-4FF0-9966-564B74007B95}
	EndGlobalSection
EndGlobal
